
Microsoft Visual Studio Solution File, Format Version 12.00
# Visual Studio Version 17
VisualStudioVersion = 17.0.31903.59
MinimumVisualStudioVersion = 10.0.40219.1
Project("{2150E333-8FDC-42A3-9474-1A3956D46DE8}") = "tests", "tests", "{2EB71559-9BE4-4E02-9763-9092876D1E4A}"
EndProject
Project("{2150E333-8FDC-42A3-9474-1A3956D46DE8}") = "sln", "sln", "{CE1B84FD-33DE-48E4-A97A-A4BDC34E08F0}"
	ProjectSection(SolutionItems) = preProject
		.gitignore = .gitignore
		.github\workflows\build-and-test.yml = .github\workflows\build-and-test.yml
		build.cmd = build.cmd
		build.sh = build.sh
		.config\dotnet-tools.json = .config\dotnet-tools.json
		global.json = global.json
		LICENSE = LICENSE
		package.json = package.json
		playground.fsx = playground.fsx
		README.md = README.md
		RELEASE_NOTES.md = RELEASE_NOTES.md
	EndProjectSection
EndProject
Project("{2150E333-8FDC-42A3-9474-1A3956D46DE8}") = "src", "src", "{67DA0DCC-75F4-4F30-91C3-309A48B13D49}"
EndProject
Project("{6EC3EE1D-3C4E-46DD-8F32-0CC8E7565705}") = "ControlledVocabulary", "src\ControlledVocabulary\ControlledVocabulary.fsproj", "{F8E5EFC0-C74B-4C3C-BC22-7A5286A31DF6}"
EndProject
Project("{6EC3EE1D-3C4E-46DD-8F32-0CC8E7565705}") = "ArcGraphModel", "src\ArcGraphModel\ArcGraphModel.fsproj", "{E80010AC-0AEE-4D7C-A85C-3A20C1FB7070}"
EndProject
Project("{6EC3EE1D-3C4E-46DD-8F32-0CC8E7565705}") = "ArcGraphModel.Tests", "tests\ArcGraphModel.Tests\ArcGraphModel.Tests.fsproj", "{5A2C8580-8D5E-4A90-A21F-2C45C672A259}"
EndProject
Project("{6EC3EE1D-3C4E-46DD-8F32-0CC8E7565705}") = "ControlledVocabulary.Tests", "tests\ControlledVocabulary.Tests\ControlledVocabulary.Tests.fsproj", "{2CBEE59D-07E4-460E-8B97-9267965D3F46}"
EndProject
Project("{2150E333-8FDC-42A3-9474-1A3956D46DE8}") = "build", "build", "{3DB2A5F4-23F6-4A06-9AE5-CEAC0707735B}"
	ProjectSection(SolutionItems) = preProject
		build.cmd = build.cmd
		build.sh = build.sh
		global.json = global.json
	EndProjectSection
EndProject
Project("{6EC3EE1D-3C4E-46DD-8F32-0CC8E7565705}") = "Build", "build\Build.fsproj", "{ED24D0E3-BA79-4F6D-9A30-D05FF4EBAFDB}"
EndProject
Global
	GlobalSection(SolutionConfigurationPlatforms) = preSolution
		Debug|Any CPU = Debug|Any CPU
		Release|Any CPU = Release|Any CPU
	EndGlobalSection
	GlobalSection(ProjectConfigurationPlatforms) = postSolution
		{F8E5EFC0-C74B-4C3C-BC22-7A5286A31DF6}.Debug|Any CPU.ActiveCfg = Debug|Any CPU
		{F8E5EFC0-C74B-4C3C-BC22-7A5286A31DF6}.Debug|Any CPU.Build.0 = Debug|Any CPU
		{F8E5EFC0-C74B-4C3C-BC22-7A5286A31DF6}.Release|Any CPU.ActiveCfg = Release|Any CPU
		{F8E5EFC0-C74B-4C3C-BC22-7A5286A31DF6}.Release|Any CPU.Build.0 = Release|Any CPU
		{E80010AC-0AEE-4D7C-A85C-3A20C1FB7070}.Debug|Any CPU.ActiveCfg = Debug|Any CPU
		{E80010AC-0AEE-4D7C-A85C-3A20C1FB7070}.Debug|Any CPU.Build.0 = Debug|Any CPU
		{E80010AC-0AEE-4D7C-A85C-3A20C1FB7070}.Release|Any CPU.ActiveCfg = Release|Any CPU
		{E80010AC-0AEE-4D7C-A85C-3A20C1FB7070}.Release|Any CPU.Build.0 = Release|Any CPU
		{5A2C8580-8D5E-4A90-A21F-2C45C672A259}.Debug|Any CPU.ActiveCfg = Debug|Any CPU
		{5A2C8580-8D5E-4A90-A21F-2C45C672A259}.Debug|Any CPU.Build.0 = Debug|Any CPU
		{5A2C8580-8D5E-4A90-A21F-2C45C672A259}.Release|Any CPU.ActiveCfg = Release|Any CPU
		{5A2C8580-8D5E-4A90-A21F-2C45C672A259}.Release|Any CPU.Build.0 = Release|Any CPU
		{2CBEE59D-07E4-460E-8B97-9267965D3F46}.Debug|Any CPU.ActiveCfg = Debug|Any CPU
		{2CBEE59D-07E4-460E-8B97-9267965D3F46}.Debug|Any CPU.Build.0 = Debug|Any CPU
		{2CBEE59D-07E4-460E-8B97-9267965D3F46}.Release|Any CPU.ActiveCfg = Release|Any CPU
		{2CBEE59D-07E4-460E-8B97-9267965D3F46}.Release|Any CPU.Build.0 = Release|Any CPU
		{ED24D0E3-BA79-4F6D-9A30-D05FF4EBAFDB}.Debug|Any CPU.ActiveCfg = Debug|Any CPU
		{ED24D0E3-BA79-4F6D-9A30-D05FF4EBAFDB}.Debug|Any CPU.Build.0 = Debug|Any CPU
		{ED24D0E3-BA79-4F6D-9A30-D05FF4EBAFDB}.Release|Any CPU.ActiveCfg = Release|Any CPU
		{ED24D0E3-BA79-4F6D-9A30-D05FF4EBAFDB}.Release|Any CPU.Build.0 = Release|Any CPU
	EndGlobalSection
	GlobalSection(SolutionProperties) = preSolution
		HideSolutionNode = FALSE
	EndGlobalSection
	GlobalSection(NestedProjects) = preSolution
		{F8E5EFC0-C74B-4C3C-BC22-7A5286A31DF6} = {67DA0DCC-75F4-4F30-91C3-309A48B13D49}
		{E80010AC-0AEE-4D7C-A85C-3A20C1FB7070} = {67DA0DCC-75F4-4F30-91C3-309A48B13D49}
		{5A2C8580-8D5E-4A90-A21F-2C45C672A259} = {2EB71559-9BE4-4E02-9763-9092876D1E4A}
		{2CBEE59D-07E4-460E-8B97-9267965D3F46} = {2EB71559-9BE4-4E02-9763-9092876D1E4A}
		{ED24D0E3-BA79-4F6D-9A30-D05FF4EBAFDB} = {3DB2A5F4-23F6-4A06-9AE5-CEAC0707735B}
	EndGlobalSection
	GlobalSection(ExtensibilityGlobals) = postSolution
		SolutionGuid = {933E3470-7D09-4F22-A056-2407458B9600}
	EndGlobalSection
EndGlobal
