
Microsoft Visual Studio Solution File, Format Version 12.00
# Visual Studio Version 17
VisualStudioVersion = 17.0.31903.59
MinimumVisualStudioVersion = 10.0.40219.1
Project("{2150E333-8FDC-42A3-9474-1A3956D46DE8}") = "tests", "tests", "{2EB71559-9BE4-4E02-9763-9092876D1E4A}"
EndProject
Project("{2150E333-8FDC-42A3-9474-1A3956D46DE8}") = "sln", "sln", "{CE1B84FD-33DE-48E4-A97A-A4BDC34E08F0}"
	ProjectSection(SolutionItems) = preProject
		.gitignore = .gitignore
		.github\workflows\build-and-test.yml = .github\workflows\build-and-test.yml
		build.cmd = build.cmd
		build.sh = build.sh
		global.json = global.json
		LICENSE = LICENSE
		package.json = package.json
		playground.fsx = playground.fsx
		.github\workflows\publish-docs.yml = .github\workflows\publish-docs.yml
		README.md = README.md
		RELEASE_NOTES.md = RELEASE_NOTES.md
	EndProjectSection
EndProject
Project("{2150E333-8FDC-42A3-9474-1A3956D46DE8}") = "src", "src", "{67DA0DCC-75F4-4F30-91C3-309A48B13D49}"
EndProject
Project("{6EC3EE1D-3C4E-46DD-8F32-0CC8E7565705}") = "ControlledVocabulary", "src\ControlledVocabulary\ControlledVocabulary.fsproj", "{F8E5EFC0-C74B-4C3C-BC22-7A5286A31DF6}"
EndProject
Project("{6EC3EE1D-3C4E-46DD-8F32-0CC8E7565705}") = "ControlledVocabulary.Tests", "tests\ControlledVocabulary.Tests\ControlledVocabulary.Tests.fsproj", "{2CBEE59D-07E4-460E-8B97-9267965D3F46}"
EndProject
Project("{2150E333-8FDC-42A3-9474-1A3956D46DE8}") = "build", "build", "{3DB2A5F4-23F6-4A06-9AE5-CEAC0707735B}"
	ProjectSection(SolutionItems) = preProject
		build.cmd = build.cmd
		build.sh = build.sh
		global.json = global.json
	EndProjectSection
EndProject
Project("{6EC3EE1D-3C4E-46DD-8F32-0CC8E7565705}") = "Build", "build\Build.fsproj", "{ED24D0E3-BA79-4F6D-9A30-D05FF4EBAFDB}"
EndProject
Project("{6EC3EE1D-3C4E-46DD-8F32-0CC8E7565705}") = "ARCTokenization", "src\ARCTokenization\ARCTokenization.fsproj", "{24D99DC2-DF18-45A3-B444-B60351F131DB}"
EndProject
Project("{6EC3EE1D-3C4E-46DD-8F32-0CC8E7565705}") = "ARCTokenization.Tests", "tests\ARCTokenization.Tests\ARCTokenization.Tests.fsproj", "{30177EF1-3980-4FFE-9B49-90B75DCEBDA3}"
EndProject
Project("{2150E333-8FDC-42A3-9474-1A3956D46DE8}") = "docs", "docs", "{551D4715-5ECD-4CAB-8A4A-41E246F4A7B5}"
EndProject
Project("{2150E333-8FDC-42A3-9474-1A3956D46DE8}") = "docfx_project", "docfx_project", "{86CD7F81-ADB4-4991-A960-063FE02D907D}"
	ProjectSection(SolutionItems) = preProject
		docs\docfx_project\.gitignore = docs\docfx_project\.gitignore
		docs\convert-notebook.ps1 = docs\convert-notebook.ps1
		docs\convert-notebooks.ps1 = docs\convert-notebooks.ps1
		docs\docfx_project\docfx.json = docs\docfx_project\docfx.json
		docs\docfx_project\index.md = docs\docfx_project\index.md
		docs\docfx_project\toc.yml = docs\docfx_project\toc.yml
	EndProjectSection
EndProject
Project("{2150E333-8FDC-42A3-9474-1A3956D46DE8}") = "ARCTokenization", "ARCTokenization", "{E669BA6D-4327-40AE-8CE1-E6FEA8F89A15}"
	ProjectSection(SolutionItems) = preProject
		docs\docfx_project\ARCTokenization\intro.md = docs\docfx_project\ARCTokenization\intro.md
	EndProjectSection
EndProject
Project("{2150E333-8FDC-42A3-9474-1A3956D46DE8}") = "ControlledVocabulary", "ControlledVocabulary", "{F6471491-8FE4-48A7-BA9E-1113DE63B5F5}"
	ProjectSection(SolutionItems) = preProject
		docs\docfx_project\ControlledVocabulary\CvParam.ipynb = docs\docfx_project\ControlledVocabulary\CvParam.ipynb
		docs\docfx_project\ControlledVocabulary\intro.ipynb = docs\docfx_project\ControlledVocabulary\intro.ipynb
	EndProjectSection
EndProject
Project("{2150E333-8FDC-42A3-9474-1A3956D46DE8}") = "api", "api", "{9031C346-A994-4943-AB58-1095882E725C}"
	ProjectSection(SolutionItems) = preProject
		docs\docfx_project\api\index.md = docs\docfx_project\api\index.md
	EndProjectSection
EndProject
Project("{2150E333-8FDC-42A3-9474-1A3956D46DE8}") = "images", "images", "{31DCBC4B-41D9-4CE1-9E5D-3F5A3F5E01CA}"
EndProject
Global
	GlobalSection(SolutionConfigurationPlatforms) = preSolution
		Debug|Any CPU = Debug|Any CPU
		Release|Any CPU = Release|Any CPU
	EndGlobalSection
	GlobalSection(ProjectConfigurationPlatforms) = postSolution
		{F8E5EFC0-C74B-4C3C-BC22-7A5286A31DF6}.Debug|Any CPU.ActiveCfg = Debug|Any CPU
		{F8E5EFC0-C74B-4C3C-BC22-7A5286A31DF6}.Debug|Any CPU.Build.0 = Debug|Any CPU
		{F8E5EFC0-C74B-4C3C-BC22-7A5286A31DF6}.Release|Any CPU.ActiveCfg = Release|Any CPU
		{F8E5EFC0-C74B-4C3C-BC22-7A5286A31DF6}.Release|Any CPU.Build.0 = Release|Any CPU
		{2CBEE59D-07E4-460E-8B97-9267965D3F46}.Debug|Any CPU.ActiveCfg = Debug|Any CPU
		{2CBEE59D-07E4-460E-8B97-9267965D3F46}.Debug|Any CPU.Build.0 = Debug|Any CPU
		{2CBEE59D-07E4-460E-8B97-9267965D3F46}.Release|Any CPU.ActiveCfg = Release|Any CPU
		{2CBEE59D-07E4-460E-8B97-9267965D3F46}.Release|Any CPU.Build.0 = Release|Any CPU
		{ED24D0E3-BA79-4F6D-9A30-D05FF4EBAFDB}.Debug|Any CPU.ActiveCfg = Debug|Any CPU
		{ED24D0E3-BA79-4F6D-9A30-D05FF4EBAFDB}.Debug|Any CPU.Build.0 = Debug|Any CPU
		{ED24D0E3-BA79-4F6D-9A30-D05FF4EBAFDB}.Release|Any CPU.ActiveCfg = Release|Any CPU
		{ED24D0E3-BA79-4F6D-9A30-D05FF4EBAFDB}.Release|Any CPU.Build.0 = Release|Any CPU
		{24D99DC2-DF18-45A3-B444-B60351F131DB}.Debug|Any CPU.ActiveCfg = Debug|Any CPU
		{24D99DC2-DF18-45A3-B444-B60351F131DB}.Debug|Any CPU.Build.0 = Debug|Any CPU
		{24D99DC2-DF18-45A3-B444-B60351F131DB}.Release|Any CPU.ActiveCfg = Release|Any CPU
		{24D99DC2-DF18-45A3-B444-B60351F131DB}.Release|Any CPU.Build.0 = Release|Any CPU
		{30177EF1-3980-4FFE-9B49-90B75DCEBDA3}.Debug|Any CPU.ActiveCfg = Debug|Any CPU
		{30177EF1-3980-4FFE-9B49-90B75DCEBDA3}.Debug|Any CPU.Build.0 = Debug|Any CPU
		{30177EF1-3980-4FFE-9B49-90B75DCEBDA3}.Release|Any CPU.ActiveCfg = Release|Any CPU
		{30177EF1-3980-4FFE-9B49-90B75DCEBDA3}.Release|Any CPU.Build.0 = Release|Any CPU
	EndGlobalSection
	GlobalSection(SolutionProperties) = preSolution
		HideSolutionNode = FALSE
	EndGlobalSection
	GlobalSection(NestedProjects) = preSolution
		{F8E5EFC0-C74B-4C3C-BC22-7A5286A31DF6} = {67DA0DCC-75F4-4F30-91C3-309A48B13D49}
		{2CBEE59D-07E4-460E-8B97-9267965D3F46} = {2EB71559-9BE4-4E02-9763-9092876D1E4A}
		{ED24D0E3-BA79-4F6D-9A30-D05FF4EBAFDB} = {3DB2A5F4-23F6-4A06-9AE5-CEAC0707735B}
		{24D99DC2-DF18-45A3-B444-B60351F131DB} = {67DA0DCC-75F4-4F30-91C3-309A48B13D49}
		{30177EF1-3980-4FFE-9B49-90B75DCEBDA3} = {2EB71559-9BE4-4E02-9763-9092876D1E4A}
		{86CD7F81-ADB4-4991-A960-063FE02D907D} = {551D4715-5ECD-4CAB-8A4A-41E246F4A7B5}
		{E669BA6D-4327-40AE-8CE1-E6FEA8F89A15} = {86CD7F81-ADB4-4991-A960-063FE02D907D}
		{F6471491-8FE4-48A7-BA9E-1113DE63B5F5} = {86CD7F81-ADB4-4991-A960-063FE02D907D}
		{9031C346-A994-4943-AB58-1095882E725C} = {86CD7F81-ADB4-4991-A960-063FE02D907D}
		{31DCBC4B-41D9-4CE1-9E5D-3F5A3F5E01CA} = {86CD7F81-ADB4-4991-A960-063FE02D907D}
	EndGlobalSection
	GlobalSection(ExtensibilityGlobals) = postSolution
		SolutionGuid = {933E3470-7D09-4F22-A056-2407458B9600}
	EndGlobalSection
EndGlobal
