{
  "version": 1,
  "dependencies": {
    ".NETStandard,Version=v2.0": {
      "FSharp.Core": {
        "type": "Direct",
        "requested": "[6.0.7, )",
        "resolved": "6.0.7",
        "contentHash": "e6wGrq5smV3Yk2fBE/Y0nBG5oFyF59k5Je0a0QDydUpg6liyaafGjD3xvutciKepCP2knspZ/sWViC/F1OyyQQ=="
      },
      "FSharp.FGL.ArrayAdjacencyGraph": {
        "type": "Direct",
        "requested": "[0.0.2, 0.0.2]",
        "resolved": "0.0.2",
        "contentHash": "L7JmdDkb375CcOVdAW5HFDpuj0ZQFuzVNhHOp/eJhH3xPWGJ5skeTLm8P0XWyxTjpCCAtoW2B0oScU+QtCgxSw==",
        "dependencies": {
          "FSharp.Core": "5.0.0",
          "FSharp.FGL": "0.0.2"
        }
      },
      "FSharpAux.Core": {
        "type": "Direct",
        "requested": "[2.0.0, 2.0.0]",
        "resolved": "2.0.0",
        "contentHash": "ltsM7H9SsfnvjcWXm5TcoyBysatHpwR8krCfyXdWriMT0DBxZxji3bhxNOcm4HeQXD4slL2TrJgULXyiCtJBRQ==",
        "dependencies": {
          "FSharp.Core": "6.0.7"
        }
      },
      "FsSpreadsheet": {
        "type": "Direct",
        "requested": "[3.1.1, 3.1.1]",
        "resolved": "3.1.1",
        "contentHash": "dD9Je8u6XO8J2ZMrfRTljmlD992pW+8tvxsbCtvnvmDnzzuos/cxP1jYRjsEneSG4FSpRRQhzwtqkyvhCqxS1Q==",
        "dependencies": {
          "FSharp.Core": "6.0.6",
          "Fable.Core": "4.0.0"
        }
      },
      "FsSpreadsheet.ExcelIO": {
        "type": "Direct",
        "requested": "[3.1.1, 3.1.1]",
        "resolved": "3.1.1",
        "contentHash": "HVxKVw2lF+/1EWr6571thtHbEVcCP7MjFS1+OMEpQLTMZH3M8dJbNA0xFKaP2mMVzK2HESobbn7hrMzc6hi6zQ==",
        "dependencies": {
          "DocumentFormat.OpenXml": "[2.12.3]",
          "FSharp.Core": "6.0.6",
          "FsSpreadsheet": "[3.0.0, 4.0.0)"
        }
      },
      "NETStandard.Library": {
        "type": "Direct",
        "requested": "[2.0.3, )",
        "resolved": "2.0.3",
        "contentHash": "st47PosZSHrjECdjeIzZQbzivYBJFv6P2nv4cj2ypdI204DO+vZ7l5raGMiX4eXMJ53RfOIg+/s4DHVZ54Nu2A==",
        "dependencies": {
          "Microsoft.NETCore.Platforms": "1.1.0"
        }
      },
      "Aether": {
        "type": "Transitive",
        "resolved": "8.3.1",
        "contentHash": "GKedgXPkm3nUO+Zbj9suNFQ/wCjw30ixUTgnrPvj0oJ9WiAyy1kDacJTHgTPTjyD1RILuDEPTPwsKGWlSpWLOw==",
        "dependencies": {
          "FSharp.Core": "4.3.4"
        }
      },
      "DocumentFormat.OpenXml": {
        "type": "Transitive",
        "resolved": "2.12.3",
        "contentHash": "qLww6khV25dTzGU3+9rG5vB6RbMoWuNA015151ZmazoepkvxW6/4a5u4QQASoXsZsBITsw5ZO0/Xpzm31tQ43g==",
        "dependencies": {
          "System.IO.Packaging": "4.7.0"
        }
      },
      "Fable.Core": {
        "type": "Transitive",
        "resolved": "4.0.0",
        "contentHash": "crDLkyN4xADgnCqIneMUGVDo2oS92W4oufbIH/jwc8Fk7nIH6pS/Ds1rBB4R1jUfU1WM1k9GEPa4Up8cNj5VYw=="
      },
      "FSharp.FGL": {
        "type": "Transitive",
        "resolved": "0.0.2",
        "contentHash": "6tOOMs0Rm4bPIVPZ5eE3x2aQ299heMv3LCJBFGca0mb7JOPN5IeBRvcdVpHokQ1ag9ndCuFC98nOUQqu2DquEw==",
        "dependencies": {
          "Aether": "8.3.1",
          "FSharp.Core": "5.0.0"
        }
      },
      "Microsoft.NETCore.Platforms": {
        "type": "Transitive",
        "resolved": "1.1.0",
        "contentHash": "kz0PEW2lhqygehI/d6XsPCQzD7ff7gUJaVGPVETX611eadGsA3A877GdSlU0LRVMCTH/+P3o2iDTak+S08V2+A=="
      },
      "System.IO.Packaging": {
        "type": "Transitive",
        "resolved": "4.7.0",
        "contentHash": "9VV4KAbgRQZ79iEoG40KIeZy38O30oWwewScAST879+oki8g/Wa2HXZQgrhDDxQM4GkP1PnRJll05NMiVPbYAw=="
      },
      "controlledvocabulary": {
        "type": "Project",
        "dependencies": {
          "FSharp.Core": "[6.0.7, )",
          "FSharpAux.Core": "[2.0.0, 2.0.0]"
        }
      }
    }
  }
}