{
  "version": 1,
  "dependencies": {
    ".NETStandard,Version=v2.0": {
      "ARCtrl": {
        "type": "Direct",
        "requested": "[1.0.1, 1.0.1]",
        "resolved": "1.0.1",
        "contentHash": "HwGWJ8I9NMavBMgLeQt6YSSQ7FHX8/Qt/5LRbNVxh0HxpY4fQR/BL3q8n+XWOUT62F5CznvjBYtSfwXS6WaCIw==",
        "dependencies": {
          "ARCtrl.CWL": "1.0.1",
          "ARCtrl.Contract": "1.0.1",
          "ARCtrl.FileSystem": "1.0.1",
          "ARCtrl.ISA": "1.0.1",
          "ARCtrl.ISA.Json": "1.0.1",
          "ARCtrl.ISA.Spreadsheet": "1.0.1",
          "FSharp.Core": "6.0.7",
          "Fable.Fetch": "2.6.0",
          "Fable.SimpleHttp": "3.5.0"
        }
      },
      "FSharp.Core": {
        "type": "Direct",
        "requested": "[8.0.403, )",
        "resolved": "8.0.403",
        "contentHash": "t1Pvv2++3zMQKKNuiQc1Lz4TCdaBajgG4mLhOE8AoFzborHQ/JbjIaJr6Mrq8m2z15KLu4r6Qz7E3oeACpljTg=="
      },
      "FSharpAux.Core": {
        "type": "Direct",
        "requested": "[2.0.0, 2.0.0]",
        "resolved": "2.0.0",
        "contentHash": "ltsM7H9SsfnvjcWXm5TcoyBysatHpwR8krCfyXdWriMT0DBxZxji3bhxNOcm4HeQXD4slL2TrJgULXyiCtJBRQ==",
        "dependencies": {
          "FSharp.Core": "6.0.7"
        }
      },
      "FsSpreadsheet": {
        "type": "Direct",
        "requested": "[5.0.2, 5.0.2]",
        "resolved": "5.0.2",
        "contentHash": "3ttBXigOzJ0SaQru8YkH3sOxkObRKZ20QHE3pbbzebilB+7RzWk9aYCEroozXf3+4bL72R2bzwCphDUdhGRFqg==",
        "dependencies": {
          "FSharp.Core": "6.0.7",
          "Fable.Core": "4.0.0"
        }
      },
      "FsSpreadsheet.ExcelIO": {
        "type": "Direct",
        "requested": "[5.0.2, 5.0.2]",
        "resolved": "5.0.2",
        "contentHash": "xQtaTbXHx6gbpEF13w0dufMwayx2+KRP/BKdhlWsbhxTZkXOcO/CMXrk8rg9/en/G9RHMTa1lp0Ga7+iTsAGXg==",
        "dependencies": {
          "DocumentFormat.OpenXml": "[2.12.3]",
          "FSharp.Core": "6.0.7",
          "FsSpreadsheet": "[5.0.0, 6.0.0)"
        }
      },
      "Microsoft.SourceLink.GitHub": {
        "type": "Direct",
        "requested": "[8.0.0, )",
        "resolved": "8.0.0",
        "contentHash": "G5q7OqtwIyGTkeIOAc3u2ZuV/kicQaec5EaRnc0pIeSnh9LUjj+PYQrJYBURvDt7twGl2PKA7nSN0kz1Zw5bnQ==",
        "dependencies": {
          "Microsoft.Build.Tasks.Git": "8.0.0",
          "Microsoft.SourceLink.Common": "8.0.0"
        }
      },
      "NETStandard.Library": {
        "type": "Direct",
        "requested": "[2.0.3, )",
        "resolved": "2.0.3",
        "contentHash": "st47PosZSHrjECdjeIzZQbzivYBJFv6P2nv4cj2ypdI204DO+vZ7l5raGMiX4eXMJ53RfOIg+/s4DHVZ54Nu2A==",
        "dependencies": {
          "Microsoft.NETCore.Platforms": "1.1.0"
        }
      },
      "OBO.NET": {
        "type": "Direct",
        "requested": "[0.5.0, 0.5.0]",
        "resolved": "0.5.0",
        "contentHash": "HGGdioLmqRS/maI+Vzot2zQs7+58P2jvtFrHql2xvWIykjaBtPEijGgqmwxsEt6WSYKys3GPp1gho0isK4rBkA==",
        "dependencies": {
          "ARCtrl.ISA": "1.0.0-beta.7",
          "ControlledVocabulary": "1.0.0",
          "FSharp.Core": "7.0.401",
          "FSharpAux": "[2.0.0]"
        }
      },
      "ARCtrl.Contract": {
        "type": "Transitive",
        "resolved": "1.0.1",
        "contentHash": "tM44ZViozBmyhD/L0XJ/HPUXFqQ2BRk6FNIHfhv3Xo26oOKw0vbmggTemYjd+9HsjBBqV+0cOJrYhoZQkHqmBw==",
        "dependencies": {
          "ARCtrl.ISA": "1.0.1",
          "FSharp.Core": "6.0.7"
        }
      },
      "ARCtrl.CWL": {
        "type": "Transitive",
        "resolved": "1.0.1",
        "contentHash": "mLXMabcxKKEl7OKs8ikBZUokMHypld+3Cpa3um4gVOxPIFjAxCc08qLuEtxpeb/NS1t51ZwHMgeIcd6vPQTH/Q==",
        "dependencies": {
          "FSharp.Core": "6.0.7"
        }
      },
      "ARCtrl.FileSystem": {
        "type": "Transitive",
        "resolved": "1.0.1",
        "contentHash": "4sya36b5oijVszp7w7nJOBEsTrS5wS1QrQ0pfQaRj9oA67I2Trud6ROHGQhOMYBdQfydcmoFpNSWITjohA1bfg==",
        "dependencies": {
          "FSharp.Core": "6.0.7",
          "Fable.Core": "4.2.0"
        }
      },
      "ARCtrl.ISA": {
        "type": "Transitive",
        "resolved": "1.0.1",
        "contentHash": "JNqAApJEoQclG4UDAcVViH4MfTkPV4AnrSbIREe4ULh5nfGrHlnFKqHeFjkCZVI8ee9P9shhkbCPKFyNzf599Q==",
        "dependencies": {
          "ARCtrl.FileSystem": "1.0.1",
          "FSharp.Core": "6.0.7"
        }
      },
      "ARCtrl.ISA.Json": {
        "type": "Transitive",
        "resolved": "1.0.1",
        "contentHash": "FUGA4RA39BBgWl4mmLv4mQHV81G0r7Ua6PLmM06vApORhbqwfqVV5cMtQHRGnlB+4m4PEmC5KJXM2Z1cwM822A==",
        "dependencies": {
          "ARCtrl.ISA": "1.0.1",
          "FSharp.Core": "6.0.7",
          "NJsonSchema": "10.8.0",
          "Thoth.Json": "10.1.0",
          "Thoth.Json.Net": "11.0.0"
        }
      },
      "ARCtrl.ISA.Spreadsheet": {
        "type": "Transitive",
        "resolved": "1.0.1",
        "contentHash": "Hev33Td607esBbfluDzURSaSYnD6IdYCMGX9BSlcgbesxabUr7VZOZ4dmrVnAJzz3aBkwZ7Wt1Vv70cevdqivA==",
        "dependencies": {
          "ARCtrl.FileSystem": "1.0.1",
          "ARCtrl.ISA": "1.0.1",
          "FSharp.Core": "6.0.7",
          "FsSpreadsheet": "5.0.1"
        }
      },
      "DocumentFormat.OpenXml": {
        "type": "Transitive",
        "resolved": "2.12.3",
        "contentHash": "qLww6khV25dTzGU3+9rG5vB6RbMoWuNA015151ZmazoepkvxW6/4a5u4QQASoXsZsBITsw5ZO0/Xpzm31tQ43g==",
        "dependencies": {
          "System.IO.Packaging": "4.7.0"
        }
      },
      "Fable.Browser.Blob": {
        "type": "Transitive",
        "resolved": "1.2.0",
        "contentHash": "bM4zbtIeycTFFCH7o4WuN28W70dTxNTMZiMvR70XUTYrBnbz7GpS5XxzUy5caDB4l7s2l7wiuVDhh52t7NXxDg==",
        "dependencies": {
          "FSharp.Core": "4.7.2",
          "Fable.Core": "3.0.0"
        }
      },
      "Fable.Browser.Dom": {
        "type": "Transitive",
        "resolved": "1.0.0",
        "contentHash": "ZodpIKYuKnUnqN71Fi103mh0joFYrRPGwpYOrpbZ149PkVAW7DNKXgxad5lsi9df7vAe5+sBhhO71TPREZaWlw==",
        "dependencies": {
          "FSharp.Core": "4.5.2",
          "Fable.Browser.Blob": "1.0.0",
          "Fable.Browser.Event": "1.0.0",
          "Fable.Browser.WebStorage": "1.0.0",
          "Fable.Core": "3.0.0"
        }
      },
      "Fable.Browser.Event": {
        "type": "Transitive",
        "resolved": "1.5.0",
        "contentHash": "Bx2AOOASIG1Eq1Pe8869H8baMePte6STmKGccGuOYMT2p6nWVS8G6ZBZb5encQ0tAL2/0vhA4KJOl4bYwUaQqg==",
        "dependencies": {
          "FSharp.Core": "4.7.2",
          "Fable.Browser.Gamepad": "1.1.0",
          "Fable.Core": "3.0.0"
        }
      },
      "Fable.Browser.Gamepad": {
        "type": "Transitive",
        "resolved": "1.1.0",
        "contentHash": "8m/Ae/mrH2Hb2ue435rTPEeVb2FhfWsRJJLpCxMvk+5EUOO2+IIjIkLq4thUfRL98uQVt9V5cQd14h2aBf2XJA==",
        "dependencies": {
          "FSharp.Core": "4.7.2",
          "Fable.Core": "3.0.0"
        }
      },
      "Fable.Browser.WebStorage": {
        "type": "Transitive",
        "resolved": "1.0.0",
        "contentHash": "ZqnZKYkhPO+wmJPxQqtiwSc3zCC/mB37SPlVi4ZLiHoPFnra7SQ3qaRn4/ENYTeaVtVq92eVaYbTyAOnFn+GPA==",
        "dependencies": {
          "FSharp.Core": "4.5.2",
          "Fable.Browser.Event": "1.0.0",
          "Fable.Core": "3.0.0"
        }
      },
      "Fable.Browser.XMLHttpRequest": {
        "type": "Transitive",
        "resolved": "1.1.0",
        "contentHash": "27p/F8781NrnV9vQ23RhX10ww9MDkX+Yi3yTiV9s8U8Bufi/VCCjS4swX0LXvgKQANN3k87CwaNeiO75r2U7gw==",
        "dependencies": {
          "FSharp.Core": "4.6.2",
          "Fable.Browser.Blob": "1.1.0",
          "Fable.Browser.Event": "1.0.0",
          "Fable.Core": "3.0.0"
        }
      },
      "Fable.Core": {
        "type": "Transitive",
        "resolved": "4.2.0",
        "contentHash": "ikacgHRLZpNVS33oBzl4uDHXZJDH660SaNPYCDGvFb7Hhm4WCXq0qTik8bpPJAhCnLDVrXLCAIoGKsKQ5pfx2A=="
      },
      "Fable.Fetch": {
        "type": "Transitive",
        "resolved": "2.6.0",
        "contentHash": "zhCl95EYeuKcc7bk2jGHLSuLhkPqvRcrlwC91GqgX51BlQ7WJF2IQ7mUxW2n1mg74M1D2VOwEKqQpTAZDCVa8Q==",
        "dependencies": {
          "FSharp.Core": "4.7.2",
          "Fable.Browser.Blob": "1.2.0",
          "Fable.Browser.Event": "1.5.0",
          "Fable.Core": "3.7.1",
          "Fable.Promise": "2.2.2"
        }
      },
      "Fable.Promise": {
        "type": "Transitive",
        "resolved": "2.2.2",
        "contentHash": "yHFSo7GCY0l/Wjskh/HESuFoGzXIoRM22UlrARA5ewnX736Y1wM27kcqCWeGcIzaEsgJnZcDkp093M0gQyMcWA==",
        "dependencies": {
          "FSharp.Core": "4.7.2",
          "Fable.Core": "3.1.5"
        }
      },
      "Fable.SimpleHttp": {
        "type": "Transitive",
        "resolved": "3.5.0",
        "contentHash": "SWYshvAI90JcdGLsUmTWBG9eaazY6ihdIk/uehrEz/VqMx9qX+e7+PzYaw31DMwGYSva9/mpq9s69T/z8Ubl5Q==",
        "dependencies": {
          "FSharp.Core": "4.6.2",
          "Fable.Browser.Dom": "1.0.0",
          "Fable.Browser.XMLHttpRequest": "1.1.0",
          "Fable.Core": "3.0.0"
        }
      },
      "FSharpAux": {
        "type": "Transitive",
        "resolved": "2.0.0",
        "contentHash": "2gFFDzIVheYO/glZmzyRaol/P60SWPzH7zM7QFZzfkR+rB3F0IdyVQpo3h9eOdsnOVTIYJhiywOaBAtsW0ZFzA==",
        "dependencies": {
          "FSharp.Core": "6.0.7",
          "FSharpAux.Core": "2.0.0"
        }
      },
      "Microsoft.Build.Tasks.Git": {
        "type": "Transitive",
        "resolved": "8.0.0",
        "contentHash": "bZKfSIKJRXLTuSzLudMFte/8CempWjVamNUR5eHJizsy+iuOuO/k2gnh7W0dHJmYY0tBf+gUErfluCv5mySAOQ=="
      },
      "Microsoft.CSharp": {
        "type": "Transitive",
        "resolved": "4.3.0",
        "contentHash": "P+MBhIM0YX+JqROuf7i306ZLJEjQYA9uUyRDE+OqwUI5sh41e2ZbPQV3LfAPh+29cmceE1pUffXsGfR4eMY3KA==",
        "dependencies": {
          "System.Collections": "4.3.0",
          "System.Diagnostics.Debug": "4.3.0",
          "System.Dynamic.Runtime": "4.3.0",
          "System.Globalization": "4.3.0",
          "System.Linq": "4.3.0",
          "System.Linq.Expressions": "4.3.0",
          "System.ObjectModel": "4.3.0",
          "System.Reflection": "4.3.0",
          "System.Reflection.Extensions": "4.3.0",
          "System.Reflection.Primitives": "4.3.0",
          "System.Reflection.TypeExtensions": "4.3.0",
          "System.Resources.ResourceManager": "4.3.0",
          "System.Runtime": "4.3.0",
          "System.Runtime.Extensions": "4.3.0",
          "System.Runtime.InteropServices": "4.3.0",
          "System.Threading": "4.3.0"
        }
      },
      "Microsoft.NETCore.Platforms": {
        "type": "Transitive",
        "resolved": "1.1.0",
        "contentHash": "kz0PEW2lhqygehI/d6XsPCQzD7ff7gUJaVGPVETX611eadGsA3A877GdSlU0LRVMCTH/+P3o2iDTak+S08V2+A=="
      },
      "Microsoft.NETCore.Targets": {
        "type": "Transitive",
        "resolved": "1.1.0",
        "contentHash": "aOZA3BWfz9RXjpzt0sRJJMjAscAUm3Hoa4UWAfceV9UTYxgwZ1lZt5nO2myFf+/jetYQo4uTP7zS8sJY67BBxg=="
      },
      "Microsoft.SourceLink.Common": {
        "type": "Transitive",
        "resolved": "8.0.0",
        "contentHash": "dk9JPxTCIevS75HyEQ0E4OVAFhB2N+V9ShCXf8Q6FkUQZDkgLI12y679Nym1YqsiSysuQskT7Z+6nUf3yab6Vw=="
      },
      "Namotion.Reflection": {
        "type": "Transitive",
        "resolved": "2.1.0",
        "contentHash": "9t63RauDp+CWzMCcCRAGXLRqEVIw0djYisGaDWhgHuXSaz/Djjpp9gpumCWVLpuDHLNf4HUmYWJeBt4AUyJSWA==",
        "dependencies": {
          "Microsoft.CSharp": "4.3.0"
        }
      },
      "Newtonsoft.Json": {
        "type": "Transitive",
        "resolved": "11.0.2",
        "contentHash": "IvJe1pj7JHEsP8B8J8DwlMEx8UInrs/x+9oVY+oCD13jpLu4JbJU2WCIsMRn5C4yW9+DgkaO8uiVE5VHKjpmdQ=="
      },
      "NJsonSchema": {
        "type": "Transitive",
        "resolved": "10.8.0",
        "contentHash": "lChjsLWaxyvElh4WJjVhdIiCtx7rimYGFTxtSi2pAkZf0ZnKaXYIX484HCVyzbDDHejDZPgOrcfAJ3kqNSTONw==",
        "dependencies": {
          "Namotion.Reflection": "2.1.0",
          "Newtonsoft.Json": "9.0.1"
        }
      },
      "System.Collections": {
        "type": "Transitive",
        "resolved": "4.3.0",
        "contentHash": "3Dcj85/TBdVpL5Zr+gEEBUuFe2icOnLalmEh9hfck1PTYbbyWuZgh4fmm2ysCLTrqLQw6t3TgTyJ+VLp+Qb+Lw==",
        "dependencies": {
          "Microsoft.NETCore.Platforms": "1.1.0",
          "Microsoft.NETCore.Targets": "1.1.0",
          "System.Runtime": "4.3.0"
        }
      },
      "System.Diagnostics.Debug": {
        "type": "Transitive",
        "resolved": "4.3.0",
        "contentHash": "ZUhUOdqmaG5Jk3Xdb8xi5kIyQYAA4PnTNlHx1mu9ZY3qv4ELIdKbnL/akbGaKi2RnNUWaZsAs31rvzFdewTj2g==",
        "dependencies": {
          "Microsoft.NETCore.Platforms": "1.1.0",
          "Microsoft.NETCore.Targets": "1.1.0",
          "System.Runtime": "4.3.0"
        }
      },
      "System.Dynamic.Runtime": {
        "type": "Transitive",
        "resolved": "4.3.0",
        "contentHash": "SNVi1E/vfWUAs/WYKhE9+qlS6KqK0YVhnlT0HQtr8pMIA8YX3lwy3uPMownDwdYISBdmAF/2holEIldVp85Wag==",
        "dependencies": {
          "System.Collections": "4.3.0",
          "System.Diagnostics.Debug": "4.3.0",
          "System.Linq": "4.3.0",
          "System.Linq.Expressions": "4.3.0",
          "System.ObjectModel": "4.3.0",
          "System.Reflection": "4.3.0",
          "System.Reflection.Emit": "4.3.0",
          "System.Reflection.Emit.ILGeneration": "4.3.0",
          "System.Reflection.Primitives": "4.3.0",
          "System.Reflection.TypeExtensions": "4.3.0",
          "System.Resources.ResourceManager": "4.3.0",
          "System.Runtime": "4.3.0",
          "System.Runtime.Extensions": "4.3.0",
          "System.Threading": "4.3.0"
        }
      },
      "System.Globalization": {
        "type": "Transitive",
        "resolved": "4.3.0",
        "contentHash": "kYdVd2f2PAdFGblzFswE4hkNANJBKRmsfa2X5LG2AcWE1c7/4t0pYae1L8vfZ5xvE2nK/R9JprtToA61OSHWIg==",
        "dependencies": {
          "Microsoft.NETCore.Platforms": "1.1.0",
          "Microsoft.NETCore.Targets": "1.1.0",
          "System.Runtime": "4.3.0"
        }
      },
      "System.IO": {
        "type": "Transitive",
        "resolved": "4.3.0",
        "contentHash": "3qjaHvxQPDpSOYICjUoTsmoq5u6QJAFRUITgeT/4gqkF1bajbSmb1kwSxEA8AHlofqgcKJcM8udgieRNhaJ5Cg==",
        "dependencies": {
          "Microsoft.NETCore.Platforms": "1.1.0",
          "Microsoft.NETCore.Targets": "1.1.0",
          "System.Runtime": "4.3.0",
          "System.Text.Encoding": "4.3.0",
          "System.Threading.Tasks": "4.3.0"
        }
      },
      "System.IO.Packaging": {
        "type": "Transitive",
        "resolved": "4.7.0",
        "contentHash": "9VV4KAbgRQZ79iEoG40KIeZy38O30oWwewScAST879+oki8g/Wa2HXZQgrhDDxQM4GkP1PnRJll05NMiVPbYAw=="
      },
      "System.Linq": {
        "type": "Transitive",
        "resolved": "4.3.0",
        "contentHash": "5DbqIUpsDp0dFftytzuMmc0oeMdQwjcP/EWxsksIz/w1TcFRkZ3yKKz0PqiYFMmEwPSWw+qNVqD7PJ889JzHbw==",
        "dependencies": {
          "System.Collections": "4.3.0",
          "System.Diagnostics.Debug": "4.3.0",
          "System.Resources.ResourceManager": "4.3.0",
          "System.Runtime": "4.3.0",
          "System.Runtime.Extensions": "4.3.0"
        }
      },
      "System.Linq.Expressions": {
        "type": "Transitive",
        "resolved": "4.3.0",
        "contentHash": "PGKkrd2khG4CnlyJwxwwaWWiSiWFNBGlgXvJpeO0xCXrZ89ODrQ6tjEWS/kOqZ8GwEOUATtKtzp1eRgmYNfclg==",
        "dependencies": {
          "System.Collections": "4.3.0",
          "System.Diagnostics.Debug": "4.3.0",
          "System.Globalization": "4.3.0",
          "System.IO": "4.3.0",
          "System.Linq": "4.3.0",
          "System.ObjectModel": "4.3.0",
          "System.Reflection": "4.3.0",
          "System.Reflection.Emit": "4.3.0",
          "System.Reflection.Emit.ILGeneration": "4.3.0",
          "System.Reflection.Emit.Lightweight": "4.3.0",
          "System.Reflection.Extensions": "4.3.0",
          "System.Reflection.Primitives": "4.3.0",
          "System.Reflection.TypeExtensions": "4.3.0",
          "System.Resources.ResourceManager": "4.3.0",
          "System.Runtime": "4.3.0",
          "System.Runtime.Extensions": "4.3.0",
          "System.Threading": "4.3.0"
        }
      },
      "System.ObjectModel": {
        "type": "Transitive",
        "resolved": "4.3.0",
        "contentHash": "bdX+80eKv9bN6K4N+d77OankKHGn6CH711a6fcOpMQu2Fckp/Ft4L/kW9WznHpyR0NRAvJutzOMHNNlBGvxQzQ==",
        "dependencies": {
          "System.Collections": "4.3.0",
          "System.Diagnostics.Debug": "4.3.0",
          "System.Resources.ResourceManager": "4.3.0",
          "System.Runtime": "4.3.0",
          "System.Threading": "4.3.0"
        }
      },
      "System.Reflection": {
        "type": "Transitive",
        "resolved": "4.3.0",
        "contentHash": "KMiAFoW7MfJGa9nDFNcfu+FpEdiHpWgTcS2HdMpDvt9saK3y/G4GwprPyzqjFH9NTaGPQeWNHU+iDlDILj96aQ==",
        "dependencies": {
          "Microsoft.NETCore.Platforms": "1.1.0",
          "Microsoft.NETCore.Targets": "1.1.0",
          "System.IO": "4.3.0",
          "System.Reflection.Primitives": "4.3.0",
          "System.Runtime": "4.3.0"
        }
      },
      "System.Reflection.Emit": {
        "type": "Transitive",
        "resolved": "4.3.0",
        "contentHash": "228FG0jLcIwTVJyz8CLFKueVqQK36ANazUManGaJHkO0icjiIypKW7YLWLIWahyIkdh5M7mV2dJepllLyA1SKg==",
        "dependencies": {
          "System.IO": "4.3.0",
          "System.Reflection": "4.3.0",
          "System.Reflection.Emit.ILGeneration": "4.3.0",
          "System.Reflection.Primitives": "4.3.0",
          "System.Runtime": "4.3.0"
        }
      },
      "System.Reflection.Emit.ILGeneration": {
        "type": "Transitive",
        "resolved": "4.3.0",
        "contentHash": "59tBslAk9733NXLrUJrwNZEzbMAcu8k344OYo+wfSVygcgZ9lgBdGIzH/nrg3LYhXceynyvTc8t5/GD4Ri0/ng==",
        "dependencies": {
          "System.Reflection": "4.3.0",
          "System.Reflection.Primitives": "4.3.0",
          "System.Runtime": "4.3.0"
        }
      },
      "System.Reflection.Emit.Lightweight": {
        "type": "Transitive",
        "resolved": "4.3.0",
        "contentHash": "oadVHGSMsTmZsAF864QYN1t1QzZjIcuKU3l2S9cZOwDdDueNTrqq1yRj7koFfIGEnKpt6NjpL3rOzRhs4ryOgA==",
        "dependencies": {
          "System.Reflection": "4.3.0",
          "System.Reflection.Emit.ILGeneration": "4.3.0",
          "System.Reflection.Primitives": "4.3.0",
          "System.Runtime": "4.3.0"
        }
      },
      "System.Reflection.Extensions": {
        "type": "Transitive",
        "resolved": "4.3.0",
        "contentHash": "rJkrJD3kBI5B712aRu4DpSIiHRtr6QlfZSQsb0hYHrDCZORXCFjQfoipo2LaMUHoT9i1B7j7MnfaEKWDFmFQNQ==",
        "dependencies": {
          "Microsoft.NETCore.Platforms": "1.1.0",
          "Microsoft.NETCore.Targets": "1.1.0",
          "System.Reflection": "4.3.0",
          "System.Runtime": "4.3.0"
        }
      },
      "System.Reflection.Primitives": {
        "type": "Transitive",
        "resolved": "4.3.0",
        "contentHash": "5RXItQz5As4xN2/YUDxdpsEkMhvw3e6aNveFXUn4Hl/udNTCNhnKp8lT9fnc3MhvGKh1baak5CovpuQUXHAlIA==",
        "dependencies": {
          "Microsoft.NETCore.Platforms": "1.1.0",
          "Microsoft.NETCore.Targets": "1.1.0",
          "System.Runtime": "4.3.0"
        }
      },
      "System.Reflection.TypeExtensions": {
        "type": "Transitive",
        "resolved": "4.3.0",
        "contentHash": "7u6ulLcZbyxB5Gq0nMkQttcdBTx57ibzw+4IOXEfR+sXYQoHvjW5LTLyNr8O22UIMrqYbchJQJnos4eooYzYJA==",
        "dependencies": {
          "System.Reflection": "4.3.0",
          "System.Runtime": "4.3.0"
        }
      },
      "System.Resources.ResourceManager": {
        "type": "Transitive",
        "resolved": "4.3.0",
        "contentHash": "/zrcPkkWdZmI4F92gL/TPumP98AVDu/Wxr3CSJGQQ+XN6wbRZcyfSKVoPo17ilb3iOr0cCRqJInGwNMolqhS8A==",
        "dependencies": {
          "Microsoft.NETCore.Platforms": "1.1.0",
          "Microsoft.NETCore.Targets": "1.1.0",
          "System.Globalization": "4.3.0",
          "System.Reflection": "4.3.0",
          "System.Runtime": "4.3.0"
        }
      },
      "System.Runtime": {
        "type": "Transitive",
        "resolved": "4.3.0",
        "contentHash": "JufQi0vPQ0xGnAczR13AUFglDyVYt4Kqnz1AZaiKZ5+GICq0/1MH/mO/eAJHt/mHW1zjKBJd7kV26SrxddAhiw==",
        "dependencies": {
          "Microsoft.NETCore.Platforms": "1.1.0",
          "Microsoft.NETCore.Targets": "1.1.0"
        }
      },
      "System.Runtime.Extensions": {
        "type": "Transitive",
        "resolved": "4.3.0",
        "contentHash": "guW0uK0fn5fcJJ1tJVXYd7/1h5F+pea1r7FLSOz/f8vPEqbR2ZAknuRDvTQ8PzAilDveOxNjSfr0CHfIQfFk8g==",
        "dependencies": {
          "Microsoft.NETCore.Platforms": "1.1.0",
          "Microsoft.NETCore.Targets": "1.1.0",
          "System.Runtime": "4.3.0"
        }
      },
      "System.Runtime.Handles": {
        "type": "Transitive",
        "resolved": "4.3.0",
        "contentHash": "OKiSUN7DmTWeYb3l51A7EYaeNMnvxwE249YtZz7yooT4gOZhmTjIn48KgSsw2k2lYdLgTKNJw/ZIfSElwDRVgg==",
        "dependencies": {
          "Microsoft.NETCore.Platforms": "1.1.0",
          "Microsoft.NETCore.Targets": "1.1.0",
          "System.Runtime": "4.3.0"
        }
      },
      "System.Runtime.InteropServices": {
        "type": "Transitive",
        "resolved": "4.3.0",
        "contentHash": "uv1ynXqiMK8mp1GM3jDqPCFN66eJ5w5XNomaK2XD+TuCroNTLFGeZ+WCmBMcBDyTFKou3P6cR6J/QsaqDp7fGQ==",
        "dependencies": {
          "Microsoft.NETCore.Platforms": "1.1.0",
          "Microsoft.NETCore.Targets": "1.1.0",
          "System.Reflection": "4.3.0",
          "System.Reflection.Primitives": "4.3.0",
          "System.Runtime": "4.3.0",
          "System.Runtime.Handles": "4.3.0"
        }
      },
      "System.Text.Encoding": {
        "type": "Transitive",
        "resolved": "4.3.0",
        "contentHash": "BiIg+KWaSDOITze6jGQynxg64naAPtqGHBwDrLaCtixsa5bKiR8dpPOHA7ge3C0JJQizJE+sfkz1wV+BAKAYZw==",
        "dependencies": {
          "Microsoft.NETCore.Platforms": "1.1.0",
          "Microsoft.NETCore.Targets": "1.1.0",
          "System.Runtime": "4.3.0"
        }
      },
      "System.Threading": {
        "type": "Transitive",
        "resolved": "4.3.0",
        "contentHash": "VkUS0kOBcUf3Wwm0TSbrevDDZ6BlM+b/HRiapRFWjM5O0NS0LviG0glKmFK+hhPDd1XFeSdU1GmlLhb2CoVpIw==",
        "dependencies": {
          "System.Runtime": "4.3.0",
          "System.Threading.Tasks": "4.3.0"
        }
      },
      "System.Threading.Tasks": {
        "type": "Transitive",
        "resolved": "4.3.0",
        "contentHash": "LbSxKEdOUhVe8BezB/9uOGGppt+nZf6e1VFyw6v3DN6lqitm0OSn2uXMOdtP0M3W4iMcqcivm2J6UgqiwwnXiA==",
        "dependencies": {
          "Microsoft.NETCore.Platforms": "1.1.0",
          "Microsoft.NETCore.Targets": "1.1.0",
          "System.Runtime": "4.3.0"
        }
      },
      "Thoth.Json": {
        "type": "Transitive",
        "resolved": "10.1.0",
        "contentHash": "2KpHPR0646KzD4WBlBgbLL4rgkoQ6yXKzqHCuSETlklb2dax/YzuLeUHc7axEBY9wHYiIMfpO0mtXmTu0XPh5w==",
        "dependencies": {
          "FSharp.Core": "4.7.2",
          "Fable.Core": "3.1.6"
        }
      },
      "Thoth.Json.Net": {
        "type": "Transitive",
        "resolved": "11.0.0",
        "contentHash": "ugheFKMHRO3ReobCENha5J6uexPrp+Bn2d+WEcFbXaA77sNBWtTlx2StB+7lX8prMqdvO5uqlPeHlg+9dSpkNg==",
        "dependencies": {
          "FSharp.Core": "4.7.2",
          "Fable.Core": "3.1.6",
          "Newtonsoft.Json": "11.0.2"
        }
      },
      "controlledvocabulary": {
        "type": "Project",
        "dependencies": {
          "FSharp.Core": "[8.0.403, )",
          "FSharpAux.Core": "[2.0.0, 2.0.0]"
        }
      }
    }
  }
}