{
  "version": 1,
  "dependencies": {
    ".NETStandard,Version=v2.0": {
      "FSharp.Core": {
        "type": "Direct",
        "requested": "[6.0.7, )",
        "resolved": "6.0.7",
        "contentHash": "e6wGrq5smV3Yk2fBE/Y0nBG5oFyF59k5Je0a0QDydUpg6liyaafGjD3xvutciKepCP2knspZ/sWViC/F1OyyQQ=="
      },
      "FSharpAux.Core": {
        "type": "Direct",
        "requested": "[2.0.0, 2.0.0]",
        "resolved": "2.0.0",
        "contentHash": "ltsM7H9SsfnvjcWXm5TcoyBysatHpwR8krCfyXdWriMT0DBxZxji3bhxNOcm4HeQXD4slL2TrJgULXyiCtJBRQ==",
        "dependencies": {
          "FSharp.Core": "6.0.7"
        }
      },
      "FsOboParser": {
        "type": "Direct",
        "requested": "[0.1.0, 0.1.0]",
        "resolved": "0.1.0",
        "contentHash": "xe5bQB+HXA+sauov0ZZlDVrkVFKBM+m8S7clP04d1SqOkuPDkgum5k5g5bOZNoDVP9WEu0YaNSkR31CS2RwENQ==",
        "dependencies": {
          "FSharp.Core": "6.0.7",
          "ISADotNet": "0.6.1"
        }
      },
      "FsSpreadsheet": {
        "type": "Direct",
        "requested": "[4.0.0, 4.0.0]",
        "resolved": "4.0.0",
        "contentHash": "xOfm5r0iBiLQ3jhJL1puUoWU5md2Hdl0Q7CBBP4NAJQ//GyuRkHZprTWXBLSn7iQs4jnkd9omTKjhdDKa3i6xw==",
        "dependencies": {
          "FSharp.Core": "6.0.7",
          "Fable.Core": "4.0.0"
        }
      },
      "FsSpreadsheet.ExcelIO": {
        "type": "Direct",
        "requested": "[4.0.0, 4.0.0]",
        "resolved": "4.0.0",
        "contentHash": "IY33vb75XG/7fuzGGPL9f6g6P2gQsk+LSfbIWmRwy4ke7RCzdsvNBs5S5BMM7t5mo6FyWxFKyrI9Q6SFesyj7w==",
        "dependencies": {
          "DocumentFormat.OpenXml": "[2.12.3]",
          "FSharp.Core": "6.0.7",
          "FsSpreadsheet": "[3.0.0, 4.0.0)"
        }
      },
      "Microsoft.SourceLink.GitHub": {
        "type": "Direct",
        "requested": "[1.1.1, )",
        "resolved": "1.1.1",
        "contentHash": "IaJGnOv/M7UQjRJks7B6p7pbPnOwisYGOIzqCz5ilGFTApZ3ktOR+6zJ12ZRPInulBmdAf1SrGdDG2MU8g6XTw==",
        "dependencies": {
          "Microsoft.Build.Tasks.Git": "1.1.1",
          "Microsoft.SourceLink.Common": "1.1.1"
        }
      },
      "NETStandard.Library": {
        "type": "Direct",
        "requested": "[2.0.3, )",
        "resolved": "2.0.3",
        "contentHash": "st47PosZSHrjECdjeIzZQbzivYBJFv6P2nv4cj2ypdI204DO+vZ7l5raGMiX4eXMJ53RfOIg+/s4DHVZ54Nu2A==",
        "dependencies": {
          "Microsoft.NETCore.Platforms": "1.1.0"
        }
      },
      "DocumentFormat.OpenXml": {
        "type": "Transitive",
        "resolved": "2.12.3",
        "contentHash": "qLww6khV25dTzGU3+9rG5vB6RbMoWuNA015151ZmazoepkvxW6/4a5u4QQASoXsZsBITsw5ZO0/Xpzm31tQ43g==",
        "dependencies": {
          "System.IO.Packaging": "4.7.0"
        }
      },
      "Fable.Core": {
        "type": "Transitive",
        "resolved": "4.0.0",
        "contentHash": "crDLkyN4xADgnCqIneMUGVDo2oS92W4oufbIH/jwc8Fk7nIH6pS/Ds1rBB4R1jUfU1WM1k9GEPa4Up8cNj5VYw=="
      },
      "FSharp.SystemTextJson": {
        "type": "Transitive",
        "resolved": "0.19.13",
        "contentHash": "q6KzrtNR2d8w9UzMyII3w6Kz91i9gomhUPRqSxm9nzezd26uiAowDnv4J+QVhGPDkJ7oGW4bpbbWTYEZ/OF+Kw==",
        "dependencies": {
          "FSharp.Core": "4.7.0",
          "System.Text.Json": "6.0.0"
        }
      },
      "ISADotNet": {
        "type": "Transitive",
        "resolved": "0.6.1",
        "contentHash": "1uv4LRgqN1s8fVUMh7Lrlq43ajvOMAjuVvP2lsNDkMVgnjk2z4Jc0HzfZ5PcNvAwX+JyQ+QJQjFsUmurPeQNcg==",
        "dependencies": {
          "FSharp.Core": "6.0.5",
          "FSharp.SystemTextJson": "0.19.13",
          "System.Text.Encodings.Web": "6.0.0",
          "System.Text.Json": "6.0.5"
        }
      },
      "Microsoft.Bcl.AsyncInterfaces": {
        "type": "Transitive",
        "resolved": "6.0.0",
        "contentHash": "UcSjPsst+DfAdJGVDsu346FX0ci0ah+lw3WRtn18NUwEqRt70HaOQ7lI72vy3+1LxtqI3T5GWwV39rQSrCzAeg==",
        "dependencies": {
          "System.Threading.Tasks.Extensions": "4.5.4"
        }
      },
      "Microsoft.Build.Tasks.Git": {
        "type": "Transitive",
        "resolved": "1.1.1",
        "contentHash": "AT3HlgTjsqHnWpBHSNeR0KxbLZD7bztlZVj7I8vgeYG9SYqbeFGh0TM/KVtC6fg53nrWHl3VfZFvb5BiQFcY6Q=="
      },
      "Microsoft.NETCore.Platforms": {
        "type": "Transitive",
        "resolved": "1.1.0",
        "contentHash": "kz0PEW2lhqygehI/d6XsPCQzD7ff7gUJaVGPVETX611eadGsA3A877GdSlU0LRVMCTH/+P3o2iDTak+S08V2+A=="
      },
      "Microsoft.SourceLink.Common": {
        "type": "Transitive",
        "resolved": "1.1.1",
        "contentHash": "WMcGpWKrmJmzrNeuaEb23bEMnbtR/vLmvZtkAP5qWu7vQsY59GqfRJd65sFpBszbd2k/bQ8cs8eWawQKAabkVg=="
      },
      "System.Buffers": {
        "type": "Transitive",
        "resolved": "4.5.1",
        "contentHash": "Rw7ijyl1qqRS0YQD/WycNst8hUUMgrMH4FCn1nNm27M4VxchZ1js3fVjQaANHO5f3sN4isvP4a+Met9Y4YomAg=="
      },
      "System.IO.Packaging": {
        "type": "Transitive",
        "resolved": "4.7.0",
        "contentHash": "9VV4KAbgRQZ79iEoG40KIeZy38O30oWwewScAST879+oki8g/Wa2HXZQgrhDDxQM4GkP1PnRJll05NMiVPbYAw=="
      },
      "System.Memory": {
        "type": "Transitive",
        "resolved": "4.5.4",
        "contentHash": "1MbJTHS1lZ4bS4FmsJjnuGJOu88ZzTT2rLvrhW7Ygic+pC0NWA+3hgAen0HRdsocuQXCkUTdFn9yHJJhsijDXw==",
        "dependencies": {
          "System.Buffers": "4.5.1",
          "System.Numerics.Vectors": "4.4.0",
          "System.Runtime.CompilerServices.Unsafe": "4.5.3"
        }
      },
      "System.Numerics.Vectors": {
        "type": "Transitive",
        "resolved": "4.5.0",
        "contentHash": "QQTlPTl06J/iiDbJCiepZ4H//BVraReU4O4EoRw1U02H5TLUIT7xn3GnDp9AXPSlJUDyFs4uWjWafNX6WrAojQ=="
      },
      "System.Runtime.CompilerServices.Unsafe": {
        "type": "Transitive",
        "resolved": "6.0.0",
        "contentHash": "/iUeP3tq1S0XdNNoMz5C9twLSrM/TH+qElHkXWaPvuNOt+99G75NrV0OS2EqHx5wMN7popYjpc8oTjC1y16DLg=="
      },
      "System.Text.Encodings.Web": {
        "type": "Transitive",
        "resolved": "6.0.0",
        "contentHash": "Vg8eB5Tawm1IFqj4TVK1czJX89rhFxJo9ELqc/Eiq0eXy13RK00eubyU6TJE6y+GQXjyV5gSfiewDUZjQgSE0w==",
        "dependencies": {
          "System.Buffers": "4.5.1",
          "System.Memory": "4.5.4",
          "System.Runtime.CompilerServices.Unsafe": "6.0.0"
        }
      },
      "System.Text.Json": {
        "type": "Transitive",
        "resolved": "6.0.5",
        "contentHash": "SSH+YYrMpvLcy7Orzb5K1tSyffnFacWahyxCCjYH1PbSHdAF4dekmIetBurFKgtTHDmwEe/J2Csi/7niRH6d/g==",
        "dependencies": {
          "Microsoft.Bcl.AsyncInterfaces": "6.0.0",
          "System.Buffers": "4.5.1",
          "System.Memory": "4.5.4",
          "System.Numerics.Vectors": "4.5.0",
          "System.Runtime.CompilerServices.Unsafe": "6.0.0",
          "System.Text.Encodings.Web": "6.0.0",
          "System.Threading.Tasks.Extensions": "4.5.4"
        }
      },
      "System.Threading.Tasks.Extensions": {
        "type": "Transitive",
        "resolved": "4.5.4",
        "contentHash": "zteT+G8xuGu6mS+mzDzYXbzS7rd3K6Fjb9RiZlYlJPam2/hU7JCBZBVEcywNuR+oZ1ncTvc/cq0faRr3P01OVg==",
        "dependencies": {
          "System.Runtime.CompilerServices.Unsafe": "4.5.3"
        }
      },
      "controlledvocabulary": {
        "type": "Project",
        "dependencies": {
          "FSharp.Core": "[6.0.7, )",
          "FSharpAux.Core": "[2.0.0, 2.0.0]"
        }
      }
    }
  }
}